
Microsoft Visual Studio Solution File, Format Version 12.00
# Visual Studio Version 17
VisualStudioVersion = 17.9.34728.123
MinimumVisualStudioVersion = 10.0.40219.1
Project("{FAE04EC0-301F-11D3-BF4B-00C04F79EFBC}") = "WebhooksBCTechDays", "WebhooksBCTechDays.csproj", "{6A371844-0F6A-4B4A-9B1B-B196BB94E660}"
EndProject
Global
	GlobalSection(SolutionConfigurationPlatforms) = preSolution
		Debug|Any CPU = Debug|Any CPU
		Release|Any CPU = Release|Any CPU
	EndGlobalSection
	GlobalSection(ProjectConfigurationPlatforms) = postSolution
		{6A371844-0F6A-4B4A-9B1B-B196BB94E660}.Debug|Any CPU.ActiveCfg = Debug|Any CPU
		{6A371844-0F6A-4B4A-9B1B-B196BB94E660}.Debug|Any CPU.Build.0 = Debug|Any CPU
		{6A371844-0F6A-4B4A-9B1B-B196BB94E660}.Release|Any CPU.ActiveCfg = Release|Any CPU
		{6A371844-0F6A-4B4A-9B1B-B196BB94E660}.Release|Any CPU.Build.0 = Release|Any CPU
	EndGlobalSection
	GlobalSection(SolutionProperties) = preSolution
		HideSolutionNode = FALSE
	EndGlobalSection
	GlobalSection(ExtensibilityGlobals) = postSolution
		SolutionGuid = {7FCB3813-952D-48B9-92C7-E7BFD19E73A0}
	EndGlobalSection
EndGlobal
